--find-links https://data.dgl.ai/wheels/torch-2.2/cu121/repo.html
annotated-types==0.7.0 --hash=sha256:1f02e8b43a8fbbc3f3e0d4f0f4bfc8131bcb4eebe8849b8e5c773f3a1c582a53
certifi==2026.7.22 --hash=sha256:62f22742b58a1a33014a2b6b706588a8d7e2a88ae7bd1a6ebe8c992928483775
charset-normalizer==3.5.1 --hash=sha256:a6dac12ff6b846103483683f60c5f8fee205121adc58ffd87e90a90a3af69e99
dgl==2.3.0+cu121 --hash=sha256:53959b25d305014834ad69f2b8f29147ba1abf6a8487f29ba91d548af1382f33
filelock==3.16.1 --hash=sha256:2082e5703d51fbf98ea75855d9d5527e33d8ff23099bec374a134febee6946b0
fsspec==2025.3.0 --hash=sha256:efb87af3efa9103f94ca91a7f8cb7a4df91af9f74fc106c9c7ea0efd7277c1b3
idna==3.15 --hash=sha256:048adeaf8c2d788c40fee287673ccaa74c24ffd8dcf09ffa555a2fbb59f10ac8
Jinja2==3.1.6 --hash=sha256:85ece4451f492d0c13c5dd7c13a64681a86afae63a5f347908daf103ce6d2f67
joblib==1.4.2 --hash=sha256:06d478d5674cbc267e7496a410ee875abd68e4340feff4490bcb7afb88060ae6
littleutils==0.2.4 --hash=sha256:d10d5fe2e107c49fe2fc2904a08d6e5a302b41f8405921835ffcc323782d5dbc
MarkupSafe==2.1.5 --hash=sha256:fa9db3f79de01457b03d4f01b34cf91bc0048eb2c3846ff26f66687c2f6d16ab
mpmath==1.3.0 --hash=sha256:a0b2b9fe80bbcd81a6647ff13108738cfb482d481d826cc0e02f5b35e5c88d2c
networkx==3.1 --hash=sha256:4f33f68cb2afcf86f28a45f43efc27a9386b535d567d2127f8f61d51dec58d36
numpy==1.24.4 --hash=sha256:dd80e219fd4c71fc3699fc1dadac5dcf4fd882bfc6f7ec53d30fa197b8ee22dc
nvidia-cublas-cu12==12.1.3.1 --hash=sha256:ee53ccca76a6fc08fb9701aa95b6ceb242cdaab118c3bb152af4e579af792728
nvidia-cuda-cupti-cu12==12.1.105 --hash=sha256:e54fde3983165c624cb79254ae9818a456eb6e87a7fd4d56a2352c24ee542d7e
nvidia-cuda-nvrtc-cu12==12.1.105 --hash=sha256:339b385f50c309763ca65456ec75e17bbefcbbf2893f462cb8b90584cd27a1c2
nvidia-cuda-runtime-cu12==12.1.105 --hash=sha256:6e258468ddf5796e25f1dc591a31029fa317d97a0a94ed93468fc86301d61e40
nvidia-cudnn-cu12==8.9.2.26 --hash=sha256:5ccb288774fdfb07a7e7025ffec286971c06d8d7b4fb162525334616d7629ff9
nvidia-cufft-cu12==11.0.2.54 --hash=sha256:794e3948a1aa71fd817c3775866943936774d1c14e7628c74f6f7417224cdf56
nvidia-curand-cu12==10.3.2.106 --hash=sha256:9d264c5036dde4e64f1de8c50ae753237c12e0b1348738169cd0f8a536c0e1e0
nvidia-cusolver-cu12==11.4.5.107 --hash=sha256:8a7ec542f0412294b15072fa7dab71d31334014a69f953004ea7a118206fe0dd
nvidia-cusparse-cu12==12.1.0.106 --hash=sha256:f3b50f42cf363f86ab21f720998517a659a48131e8d538dc02f8768237bd884c
nvidia-nccl-cu12==2.19.3 --hash=sha256:a9734707a2c96443331c1e48c717024aa6678a0e2a4cb66b2c364d18cee6b48d
nvidia-nvjitlink-cu12==12.9.86 --hash=sha256:e3f1171dbdc83c5932a45f0f4c99180a70de9bd2718c1ab77d14104f6d7147f9
nvidia-nvtx-cu12==12.1.105 --hash=sha256:dc21cf308ca5691e7c04d962e213f8a4aa9bbfa23d95412f452254c2caeb09e5
nvtx==0.2.10 --hash=sha256:278595902762a259d603a5f40116cd615a56513d92118c291d25cc0e43c6f59c
ogb==1.3.6 --hash=sha256:29ab84078c66a7846bf137c9be9545978616a053e734c032a2ff731d026bb5e9
outdated==0.2.2 --hash=sha256:3e9c2ee6d17e86ae8cc7bb71d70c4172690121cda367155a30994742172678c8
packaging==24.1 --hash=sha256:5b8f2217dbdbd2f7f384c41c628544e6d52f2d0f53c6d0c3ea61aa5d1d7ff124
pandas==2.0.3 --hash=sha256:9eae3dc34fa1aa7772dd3fc60270d13ced7346fcbcfee017d3132ec625e23bb0
pip==24.2 --hash=sha256:2cd581cf58ab7fcfca4ce8efa6dcacd0de5bf8d0a3eb9ec927e07405f4d9e2a2
psutil==7.2.2 --hash=sha256:076a2d2f923fd4821644f5ba89f059523da90dc9014e85f8e45a5774ca5bc6f9
pybind11==2.13.6 --hash=sha256:237c41e29157b962835d356b370ededd57594a26d5894a795960f0047cb5caf5
pydantic==2.10.5 --hash=sha256:4dd4e322dbe55472cb7ca7e73f4b63574eecccf2835ffa2af9021ce113c83c53
pydantic_core==2.27.2 --hash=sha256:9fdbe7629b996647b99c01b37f11170a57ae675375b14b8c13b8518b8320ced5
python-dateutil==2.9.0.post0 --hash=sha256:a8b2bc7bffae282281c8140a97d3aa9c14da0b136dfe83f850eea9a5f7470427
pytz==2026.2 --hash=sha256:04156e608bee23d3792fd45c94ae47fae1036688e75032eea2e3bf0323d1f126
PyYAML==6.0.2 --hash=sha256:9056c1ecd25795207ad294bcf39f2db3d845767be0ea6e6a34d856f006006083
requests==2.32.4 --hash=sha256:27babd3cda2a6d50b30443204ee89830707d396671944c998b5975b031ac2b2c
scikit-learn==1.3.2 --hash=sha256:785a2213086b7b1abf037aeadbbd6d67159feb3e30263434139c98425e3dcfcf
scipy==1.10.1 --hash=sha256:07c3457ce0b3ad5124f98a86533106b643dd811dd61b548e78cf4c8786652f6f
setuptools==75.1.0 --hash=sha256:35ab7fd3bcd95e6b7fd704e4a1539513edad446c097797f2985e0e4b960772f2
six==1.17.0 --hash=sha256:4721f391ed90541fddacab5acf947aa0d3dc7d27b2e1e8eda2be8970586c3274
sympy==1.13.3 --hash=sha256:54612cf55a62755ee71824ce692986f23c88ffa77207b30c1368eda4a7060f73
threadpoolctl==3.5.0 --hash=sha256:56c1e26c150397e58c4926da8eeee87533b1e32bef131bd4bf6a2f45f3185467
torch==2.2.1 --hash=sha256:5c0c83aa7d94569997f1f474595e808072d80b04d34912ce6f1a0e1c24b0c12a
torchdata==0.7.1 --hash=sha256:c1feae257e55b2942459a26f5597088e5daefabbd47a562081c01c0841a88e18
tqdm==4.70.0 --hash=sha256:7f585706bfddbdebf89daac705b2dfcc16890130727d3197ca62c732b4310953
triton==2.2.0 --hash=sha256:b8ce26093e539d727e7cf6f6f0d932b1ab0574dc02567e684377630d86723ace
typing_extensions==4.13.2 --hash=sha256:a439e7c04b49fec3e5d3e2beaa21755cadbbdc391694e28ccdd36ca4a1408f8c
tzdata==2026.2 --hash=sha256:bbe9af844f658da81a5f95019480da3a89415801f6cc966806612cc7169bffe7
urllib3==2.2.3 --hash=sha256:ca899ca043dcb1bafa3e262d73aa25c465bfb49e0bd9dd5d59f1d0acba2f8fac
wheel==0.44.0 --hash=sha256:2376a90c98cc337d18623527a97c31797bd02bad0033d41547043a1cbfbe448f
